// !$*UTF8*$!
{
	archiveVersion = 1;
	classes = {
	};
	objectVersion = 46;
	objects = {

/* Begin PBXBuildFile section */
		893274F21B4E05850053407B /* main.m in Sources */ = {isa = PBXBuildFile; fileRef = 893274F11B4E05850053407B /* main.m */; };
		893274F51B4E05850053407B /* AppDelegate.m in Sources */ = {isa = PBXBuildFile; fileRef = 893274F41B4E05850053407B /* AppDelegate.m */; };
		893274F81B4E05850053407B /* ViewController.m in Sources */ = {isa = PBXBuildFile; fileRef = 893274F71B4E05850053407B /* ViewController.m */; };
		893274FB1B4E05850053407B /* Main.storyboard in Resources */ = {isa = PBXBuildFile; fileRef = 893274F91B4E05850053407B /* Main.storyboard */; };
		893274FD1B4E05850053407B /* Images.xcassets in Resources */ = {isa = PBXBuildFile; fileRef = 893274FC1B4E05850053407B /* Images.xcassets */; };
		893275001B4E05850053407B /* LaunchScreen.xib in Resources */ = {isa = PBXBuildFile; fileRef = 893274FE1B4E05850053407B /* LaunchScreen.xib */; };
		8932750C1B4E05850053407B /* hhhTests.m in Sources */ = {isa = PBXBuildFile; fileRef = 8932750B1B4E05850053407B /* hhhTests.m */; };
/* End PBXBuildFile section */

/* Begin PBXContainerItemProxy section */
		893275061B4E05850053407B /* PBXContainerItemProxy */ = {
			isa = PBXContainerItemProxy;
			containerPortal = 893274E41B4E05850053407B /* Project object */;
			proxyType = 1;
			remoteGlobalIDString = 893274EB1B4E05850053407B;
			remoteInfo = hhh;
		};
/* End PBXContainerItemProxy section */

/* Begin PBXFileReference section */
		893274EC1B4E05850053407B /* hhh.app */ = {isa = PBXFileReference; explicitFileType = wrapper.application; includeInIndex = 0; path = hhh.app; sourceTree = BUILT_PRODUCTS_DIR; };
		893274F01B4E05850053407B /* Info.plist */ = {isa = PBXFileReference; lastKnownFileType = text.plist.xml; path = Info.plist; sourceTree = "<group>"; };
		893274F11B4E05850053407B /* main.m */ = {isa = PBXFileReference; lastKnownFileType = sourcecode.c.objc; path = main.m; sourceTree = "<group>"; };
		893274F31B4E05850053407B /* AppDelegate.h */ = {isa = PBXFileReference; lastKnownFileType = sourcecode.c.h; path = AppDelegate.h; sourceTree = "<group>"; };
		893274F41B4E05850053407B /* AppDelegate.m */ = {isa = PBXFileReference; lastKnownFileType = sourcecode.c.objc; path = AppDelegate.m; sourceTree = "<group>"; };
		893274F61B4E05850053407B /* ViewController.h */ = {isa = PBXFileReference; lastKnownFileType = sourcecode.c.h; path = ViewController.h; sourceTree = "<group>"; };
		893274F71B4E05850053407B /* ViewController.m */ = {isa = PBXFileReference; lastKnownFileType = sourcecode.c.objc; path = ViewController.m; sourceTree = "<group>"; };
		893274FA1B4E05850053407B /* Base */ = {isa = PBXFileReference; lastKnownFileType = file.storyboard; name = Base; path = Base.lproj/Main.storyboard; sourceTree = "<group>"; };
		893274FC1B4E05850053407B /* Images.xcassets */ = {isa = PBXFileReference; lastKnownFileType = folder.assetcatalog; path = Images.xcassets; sourceTree = "<group>"; };
		893274FF1B4E05850053407B /* Base */ = {isa = PBXFileReference; lastKnownFileType = file.xib; name = Base; path = Base.lproj/LaunchScreen.xib; sourceTree = "<group>"; };
		893275051B4E05850053407B /* hhhTests.xctest */ = {isa = PBXFileReference; explicitFileType = wrapper.cfbundle; includeInIndex = 0; path = hhhTests.xctest; sourceTree = BUILT_PRODUCTS_DIR; };
		8932750A1B4E05850053407B /* Info.plist */ = {isa = PBXFileReference; lastKnownFileType = text.plist.xml; path = Info.plist; sourceTree = "<group>"; };
		8932750B1B4E05850053407B /* hhhTests.m */ = {isa = PBXFileReference; lastKnownFileType = sourcecode.c.objc; path = hhhTests.m; sourceTree = "<group>"; };
/* End PBXFileReference section */

/* Begin PBXFrameworksBuildPhase section */
		893274E91B4E05850053407B /* Frameworks */ = {
			isa = PBXFrameworksBuildPhase;
			buildActionMask = 2147483647;
			files = (
			);
			runOnlyForDeploymentPostprocessing = 0;
		};
		893275021B4E05850053407B /* Frameworks */ = {
			isa = PBXFrameworksBuildPhase;
			buildActionMask = 2147483647;
			files = (
			);
			runOnlyForDeploymentPostprocessing = 0;
		};
/* End PBXFrameworksBuildPhase section */

/* Begin PBXGroup section */
		893274E31B4E05850053407B = {
			isa = PBXGroup;
			children = (
				893274EE1B4E05850053407B /* hhh */,
				893275081B4E05850053407B /* hhhTests */,
				893274ED1B4E05850053407B /* Products */,
			);
			sourceTree = "<group>";
		};
		893274ED1B4E05850053407B /* Products */ = {
			isa = PBXGroup;
			children = (
				893274EC1B4E05850053407B /* hhh.app */,
				893275051B4E05850053407B /* hhhTests.xctest */,
			);
			name = Products;
			sourceTree = "<group>";
		};
		893274EE1B4E05850053407B /* hhh */ = {
			isa = PBXGroup;
			children = (
				893274F31B4E05850053407B /* AppDelegate.h */,
				893274F41B4E05850053407B /* AppDelegate.m */,
				893274F61B4E05850053407B /* ViewController.h */,
				893274F71B4E05850053407B /* ViewController.m */,
				893274F91B4E05850053407B /* Main.storyboard */,
				893274FC1B4E05850053407B /* Images.xcassets */,
				893274FE1B4E05850053407B /* LaunchScreen.xib */,
				893274EF1B4E05850053407B /* Supporting Files */,
			);
			path = hhh;
			sourceTree = "<group>";
		};
		893274EF1B4E05850053407B /* Supporting Files */ = {
			isa = PBXGroup;
			children = (
				893274F01B4E05850053407B /* Info.plist */,
				893274F11B4E05850053407B /* main.m */,
			);
			name = "Supporting Files";
			sourceTree = "<group>";
		};
		893275081B4E05850053407B /* hhhTests */ = {
			isa = PBXGroup;
			children = (
				8932750B1B4E05850053407B /* hhhTests.m */,
				893275091B4E05850053407B /* Supporting Files */,
			);
			path = hhhTests;
			sourceTree = "<group>";
		};
		893275091B4E05850053407B /* Supporting Files */ = {
			isa = PBXGroup;
			children = (
				8932750A1B4E05850053407B /* Info.plist */,
			);
			name = "Supporting Files";
			sourceTree = "<group>";
		};
/* End PBXGroup section */

/* Begin PBXNativeTarget section */
		893274EB1B4E05850053407B /* hhh */ = {
			isa = PBXNativeTarget;
			buildConfigurationList = 8932750F1B4E05850053407B /* Build configuration list for PBXNativeTarget "hhh" */;
			buildPhases = (
				893274E81B4E05850053407B /* Sources */,
				893274E91B4E05850053407B /* Frameworks */,
				893274EA1B4E05850053407B /* Resources */,
			);
			buildRules = (
			);
			dependencies = (
			);
			name = hhh;
			productName = hhh;
			productReference = 893274EC1B4E05850053407B /* hhh.app */;
			productType = "com.apple.product-type.application";
		};
		893275041B4E05850053407B /* hhhTests */ = {
			isa = PBXNativeTarget;
			buildConfigurationList = 893275121B4E05850053407B /* Build configuration list for PBXNativeTarget "hhhTests" */;
			buildPhases = (
				893275011B4E05850053407B /* Sources */,
				893275021B4E05850053407B /* Frameworks */,
				893275031B4E05850053407B /* Resources */,
			);
			buildRules = (
			);
			dependencies = (
				893275071B4E05850053407B /* PBXTargetDependency */,
			);
			name = hhhTests;
			productName = hhhTests;
			productReference = 893275051B4E05850053407B /* hhhTests.xctest */;
			productType = "com.apple.product-type.bundle.unit-test";
		};
/* End PBXNativeTarget section */

/* Begin PBXProject section */
		893274E41B4E05850053407B /* Project object */ = {
			isa = PBXProject;
			attributes = {
				LastUpgradeCheck = 0630;
				ORGANIZATIONNAME = "李坤朋";
				TargetAttributes = {
					893274EB1B4E05850053407B = {
						CreatedOnToolsVersion = 6.3.2;
					};
					893275041B4E05850053407B = {
						CreatedOnToolsVersion = 6.3.2;
						TestTargetID = 893274EB1B4E05850053407B;
					};
				};
			};
			buildConfigurationList = 893274E71B4E05850053407B /* Build configuration list for PBXProject "hhh" */;
			compatibilityVersion = "Xcode 3.2";
			developmentRegion = English;
			hasScannedForEncodings = 0;
			knownRegions = (
				en,
				Base,
			);
			mainGroup = 893274E31B4E05850053407B;
			productRefGroup = 893274ED1B4E05850053407B /* Products */;
			projectDirPath = "";
			projectRoot = "";
			targets = (
				893274EB1B4E05850053407B /* hhh */,
				893275041B4E05850053407B /* hhhTests */,
			);
		};
/* End PBXProject section */

/* Begin PBXResourcesBuildPhase section */
		893274EA1B4E05850053407B /* Resources */ = {
			isa = PBXResourcesBuildPhase;
			buildActionMask = 2147483647;
			files = (
				893274FB1B4E05850053407B /* Main.storyboard in Resources */,
				893275001B4E05850053407B /* LaunchScreen.xib in Resources */,
				893274FD1B4E05850053407B /* Images.xcassets in Resources */,
			);
			runOnlyForDeploymentPostprocessing = 0;
		};
		893275031B4E05850053407B /* Resources */ = {
			isa = PBXResourcesBuildPhase;
			buildActionMask = 2147483647;
			files = (
			);
			runOnlyForDeploymentPostprocessing = 0;
		};
/* End PBXResourcesBuildPhase section */

/* Begin PBXSourcesBuildPhase section */
		893274E81B4E05850053407B /* Sources */ = {
			isa = PBXSourcesBuildPhase;
			buildActionMask = 2147483647;
			files = (
				893274F81B4E05850053407B /* ViewController.m in Sources */,
				893274F51B4E05850053407B /* AppDelegate.m in Sources */,
				893274F21B4E05850053407B /* main.m in Sources */,
			);
			runOnlyForDeploymentPostprocessing = 0;
		};
		893275011B4E05850053407B /* Sources */ = {
			isa = PBXSourcesBuildPhase;
			buildActionMask = 2147483647;
			files = (
				8932750C1B4E05850053407B /* hhhTests.m in Sources */,
			);
			runOnlyForDeploymentPostprocessing = 0;
		};
/* End PBXSourcesBuildPhase section */

/* Begin PBXTargetDependency section */
		893275071B4E05850053407B /* PBXTargetDependency */ = {
			isa = PBXTargetDependency;
			target = 893274EB1B4E05850053407B /* hhh */;
			targetProxy = 893275061B4E05850053407B /* PBXContainerItemProxy */;
		};
/* End PBXTargetDependency section */

/* Begin PBXVariantGroup section */
		893274F91B4E05850053407B /* Main.storyboard */ = {
			isa = PBXVariantGroup;
			children = (
				893274FA1B4E05850053407B /* Base */,
			);
			name = Main.storyboard;
			sourceTree = "<group>";
		};
		893274FE1B4E05850053407B /* LaunchScreen.xib */ = {
			isa = PBXVariantGroup;
			children = (
				893274FF1B4E05850053407B /* Base */,
			);
			name = LaunchScreen.xib;
			sourceTree = "<group>";
		};
/* End PBXVariantGroup section */

/* Begin XCBuildConfiguration section */
		8932750D1B4E05850053407B /* Debug */ = {
			isa = XCBuildConfiguration;
			buildSettings = {
				ALWAYS_SEARCH_USER_PATHS = NO;
				CLANG_CXX_LANGUAGE_STANDARD = "gnu++0x";
				CLANG_CXX_LIBRARY = "libc++";
				CLANG_ENABLE_MODULES = YES;
				CLANG_ENABLE_OBJC_ARC = YES;
				CLANG_WARN_BOOL_CONVERSION = YES;
				CLANG_WARN_CONSTANT_CONVERSION = YES;
				CLANG_WARN_DIRECT_OBJC_ISA_USAGE = YES_ERROR;
				CLANG_WARN_EMPTY_BODY = YES;
				CLANG_WARN_ENUM_CONVERSION = YES;
				CLANG_WARN_INT_CONVERSION = YES;
				CLANG_WARN_OBJC_ROOT_CLASS = YES_ERROR;
				CLANG_WARN_UNREACHABLE_CODE = YES;
				CLANG_WARN__DUPLICATE_METHOD_MATCH = YES;
				"CODE_SIGN_IDENTITY[sdk=iphoneos*]" = "iPhone Developer";
				COPY_PHASE_STRIP = NO;
				DEBUG_INFORMATION_FORMAT = "dwarf-with-dsym";
				ENABLE_STRICT_OBJC_MSGSEND = YES;
				GCC_C_LANGUAGE_STANDARD = gnu99;
				GCC_DYNAMIC_NO_PIC = NO;
				GCC_NO_COMMON_BLOCKS = YES;
				GCC_OPTIMIZATION_LEVEL = 0;
				GCC_PREPROCESSOR_DEFINITIONS = (
					"DEBUG=1",
					"$(inherited)",
				);
				GCC_SYMBOLS_PRIVATE_EXTERN = NO;
				GCC_WARN_64_TO_32_BIT_CONVERSION = YES;
				GCC_WARN_ABOUT_RETURN_TYPE = YES_ERROR;
				GCC_WARN_UNDECLARED_SELECTOR = YES;
				GCC_WARN_UNINITIALIZED_AUTOS = YES_AGGRESSIVE;
				GCC_WARN_UNUSED_FUNCTION = YES;
				GCC_WARN_UNUSED_VARIABLE = YES;
				IPHONEOS_DEPLOYMENT_TARGET = 8.3;
				MTL_ENABLE_DEBUG_INFO = YES;
				ONLY_ACTIVE_ARCH = YES;
				SDKROOT = iphoneos;
				TARGETED_DEVICE_FAMILY = "1,2";
			};
			name = Debug;
		};
		8932750E1B4E05850053407B /* Release */ = {
			isa = XCBuildConfiguration;
			buildSettings = {
				ALWAYS_SEARCH_USER_PATHS = NO;
				CLANG_CXX_LANGUAGE_STANDARD = "gnu++0x";
				CLANG_CXX_LIBRARY = "libc++";
				CLANG_ENABLE_MODULES = YES;
				CLANG_ENABLE_OBJC_ARC = YES;
				CLANG_WARN_BOOL_CONVERSION = YES;
				CLANG_WARN_CONSTANT_CONVERSION = YES;
				CLANG_WARN_DIRECT_OBJC_ISA_USAGE = YES_ERROR;
				CLANG_WARN_EMPTY_BODY = YES;
				CLANG_WARN_ENUM_CONVERSION = YES;
				CLANG_WARN_INT_CONVERSION = YES;
				CLANG_WARN_OBJC_ROOT_CLASS = YES_ERROR;
				CLANG_WARN_UNREACHABLE_CODE = YES;
				CLANG_WARN__DUPLICATE_METHOD_MATCH = YES;
				"CODE_SIGN_IDENTITY[sdk=iphoneos*]" = "iPhone Developer";
				COPY_PHASE_STRIP = NO;
				DEBUG_INFORMATION_FORMAT = "dwarf-with-dsym";
				ENABLE_NS_ASSERTIONS = NO;
				ENABLE_STRICT_OBJC_MSGSEND = YES;
				GCC_C_LANGUAGE_STANDARD = gnu99;
				GCC_NO_COMMON_BLOCKS = YES;
				GCC_WARN_64_TO_32_BIT_CONVERSION = YES;
				GCC_WARN_ABOUT_RETURN_TYPE = YES_ERROR;
				GCC_WARN_UNDECLARED_SELECTOR = YES;
				GCC_WARN_UNINITIALIZED_AUTOS = YES_AGGRESSIVE;
				GCC_WARN_UNUSED_FUNCTION = YES;
				GCC_WARN_UNUSED_VARIABLE = YES;
				IPHONEOS_DEPLOYMENT_TARGET = 8.3;
				MTL_ENABLE_DEBUG_INFO = NO;
				SDKROOT = iphoneos;
				TARGETED_DEVICE_FAMILY = "1,2";
				VALIDATE_PRODUCT = YES;
			};
			name = Release;
		};
		893275101B4E05850053407B /* Debug */ = {
			isa = XCBuildConfiguration;
			buildSettings = {
				ASSETCATALOG_COMPILER_APPICON_NAME = AppIcon;
				INFOPLIST_FILE = hhh/Info.plist;
				LD_RUNPATH_SEARCH_PATHS = "$(inherited) @executable_path/Frameworks";
				PRODUCT_NAME = "$(TARGET_NAME)";
			};
			name = Debug;
		};
		893275111B4E05850053407B /* Release */ = {
			isa = XCBuildConfiguration;
			buildSettings = {
				ASSETCATALOG_COMPILER_APPICON_NAME = AppIcon;
				INFOPLIST_FILE = hhh/Info.plist;
				LD_RUNPATH_SEARCH_PATHS = "$(inherited) @executable_path/Frameworks";
				PRODUCT_NAME = "$(TARGET_NAME)";
			};
			name = Release;
		};
		893275131B4E05850053407B /* Debug */ = {
			isa = XCBuildConfiguration;
			buildSettings = {
				BUNDLE_LOADER = "$(TEST_HOST)";
				FRAMEWORK_SEARCH_PATHS = (
					"$(SDKROOT)/Developer/Library/Frameworks",
					"$(inherited)",
				);
				GCC_PREPROCESSOR_DEFINITIONS = (
					"DEBUG=1",
					"$(inherited)",
				);
				INFOPLIST_FILE = hhhTests/Info.plist;
				LD_RUNPATH_SEARCH_PATHS = "$(inherited) @executable_path/Frameworks @loader_path/Frameworks";
				PRODUCT_NAME = "$(TARGET_NAME)";
				TEST_HOST = "$(BUILT_PRODUCTS_DIR)/hhh.app/hhh";
			};
			name = Debug;
		};
		893275141B4E05850053407B /* Release */ = {
			isa = XCBuildConfiguration;
			buildSettings = {
				BUNDLE_LOADER = "$(TEST_HOST)";
				FRAMEWORK_SEARCH_PATHS = (
					"$(SDKROOT)/Developer/Library/Frameworks",
					"$(inherited)",
				);
				INFOPLIST_FILE = hhhTests/Info.plist;
				LD_RUNPATH_SEARCH_PATHS = "$(inherited) @executable_path/Frameworks @loader_path/Frameworks";
				PRODUCT_NAME = "$(TARGET_NAME)";
				TEST_HOST = "$(BUILT_PRODUCTS_DIR)/hhh.app/hhh";
			};
			name = Release;
		};
/* End XCBuildConfiguration section */

/* Begin XCConfigurationList section */
		893274E71B4E05850053407B /* Build configuration list for PBXProject "hhh" */ = {
			isa = XCConfigurationList;
			buildConfigurations = (
				8932750D1B4E05850053407B /* Debug */,
				8932750E1B4E05850053407B /* Release */,
			);
			defaultConfigurationIsVisible = 0;
			defaultConfigurationName = Release;
		};
		8932750F1B4E05850053407B /* Build configuration list for PBXNativeTarget "hhh" */ = {
			isa = XCConfigurationList;
			buildConfigurations = (
				893275101B4E05850053407B /* Debug */,
				893275111B4E05850053407B /* Release */,
			);
			defaultConfigurationIsVisible = 0;
		};
		893275121B4E05850053407B /* Build configuration list for PBXNativeTarget "hhhTests" */ = {
			isa = XCConfigurationList;
			buildConfigurations = (
				893275131B4E05850053407B /* Debug */,
				893275141B4E05850053407B /* Release */,
			);
			defaultConfigurationIsVisible = 0;
		};
/* End XCConfigurationList section */
	};
	rootObject = 893274E41B4E05850053407B /* Project object */;
}
